
Microsoft Visual Studio Solution File, Format Version 12.00
# Visual Studio Version 16
VisualStudioVersion = 16.0.30523.141
MinimumVisualStudioVersion = 10.0.40219.1
Project("{FAE04EC0-301F-11D3-BF4B-00C04F79EFBC}") = "WindowsFormsCommonControls", "WindowsForms_CCP\WindowsFormsCommonControls.csproj", "{80398A73-7B08-4A7B-A6C8-6356AA8013B8}"
EndProject
Global
	GlobalSection(SolutionConfigurationPlatforms) = preSolution
		Debug|Any CPU = Debug|Any CPU
		Release|Any CPU = Release|Any CPU
	EndGlobalSection
	GlobalSection(ProjectConfigurationPlatforms) = postSolution
		{80398A73-7B08-4A7B-A6C8-6356AA8013B8}.Debug|Any CPU.ActiveCfg = Debug|Any CPU
		{80398A73-7B08-4A7B-A6C8-6356AA8013B8}.Debug|Any CPU.Build.0 = Debug|Any CPU
		{80398A73-7B08-4A7B-A6C8-6356AA8013B8}.Release|Any CPU.ActiveCfg = Release|Any CPU
		{80398A73-7B08-4A7B-A6C8-6356AA8013B8}.Release|Any CPU.Build.0 = Release|Any CPU
	EndGlobalSection
	GlobalSection(SolutionProperties) = preSolution
		HideSolutionNode = FALSE
	EndGlobalSection
	GlobalSection(ExtensibilityGlobals) = postSolution
		SolutionGuid = {05E6BF54-FD46-48C6-8B8E-574F584CDEA2}
	EndGlobalSection
EndGlobal
